
Microsoft Visual Studio Solution File, Format Version 12.00
# Visual Studio Version 17
VisualStudioVersion = 17.8.34316.72
MinimumVisualStudioVersion = 10.0.40219.1
Project("{2150E333-8FDC-42A3-9474-1A3956D46DE8}") = "Domain_Layer", "Domain_Layer", "{3F52D27B-DD46-4C75-81BF-3CF8275AEE42}"
EndProject
Project("{2150E333-8FDC-42A3-9474-1A3956D46DE8}") = "Infrastructure_Layer", "Infrastructure_Layer", "{C52A634E-729A-43B8-9C70-A5B69673412B}"
EndProject
Project("{2150E333-8FDC-42A3-9474-1A3956D46DE8}") = "WebAPI_Layer", "WebAPI_Layer", "{5AF9E9D0-0A7A-4869-8905-43CA05F1725B}"
EndProject
Project("{FAE04EC0-301F-11D3-BF4B-00C04F79EFBC}") = "Domain", "Domain\Domain.csproj", "{B04F18C2-D5C0-42F1-9471-3D63BCDC37ED}"
EndProject
Project("{FAE04EC0-301F-11D3-BF4B-00C04F79EFBC}") = "Repository_And_Services", "Repository_And_Services\Repository_And_Services.csproj", "{9F02251E-5D6C-4B0F-AEAB-1B9EA6FE384C}"
EndProject
Project("{FAE04EC0-301F-11D3-BF4B-00C04F79EFBC}") = "WebAPI", "WebAPI\WebAPI.csproj", "{DACEF8FD-581D-4E2C-91E0-38572BFBA5C7}"
EndProject
Global
	GlobalSection(SolutionConfigurationPlatforms) = preSolution
		Debug|Any CPU = Debug|Any CPU
		Release|Any CPU = Release|Any CPU
	EndGlobalSection
	GlobalSection(ProjectConfigurationPlatforms) = postSolution
		{B04F18C2-D5C0-42F1-9471-3D63BCDC37ED}.Debug|Any CPU.ActiveCfg = Debug|Any CPU
		{B04F18C2-D5C0-42F1-9471-3D63BCDC37ED}.Debug|Any CPU.Build.0 = Debug|Any CPU
		{B04F18C2-D5C0-42F1-9471-3D63BCDC37ED}.Release|Any CPU.ActiveCfg = Release|Any CPU
		{B04F18C2-D5C0-42F1-9471-3D63BCDC37ED}.Release|Any CPU.Build.0 = Release|Any CPU
		{9F02251E-5D6C-4B0F-AEAB-1B9EA6FE384C}.Debug|Any CPU.ActiveCfg = Debug|Any CPU
		{9F02251E-5D6C-4B0F-AEAB-1B9EA6FE384C}.Debug|Any CPU.Build.0 = Debug|Any CPU
		{9F02251E-5D6C-4B0F-AEAB-1B9EA6FE384C}.Release|Any CPU.ActiveCfg = Release|Any CPU
		{9F02251E-5D6C-4B0F-AEAB-1B9EA6FE384C}.Release|Any CPU.Build.0 = Release|Any CPU
		{DACEF8FD-581D-4E2C-91E0-38572BFBA5C7}.Debug|Any CPU.ActiveCfg = Debug|Any CPU
		{DACEF8FD-581D-4E2C-91E0-38572BFBA5C7}.Debug|Any CPU.Build.0 = Debug|Any CPU
		{DACEF8FD-581D-4E2C-91E0-38572BFBA5C7}.Release|Any CPU.ActiveCfg = Release|Any CPU
		{DACEF8FD-581D-4E2C-91E0-38572BFBA5C7}.Release|Any CPU.Build.0 = Release|Any CPU
	EndGlobalSection
	GlobalSection(SolutionProperties) = preSolution
		HideSolutionNode = FALSE
	EndGlobalSection
	GlobalSection(NestedProjects) = preSolution
		{B04F18C2-D5C0-42F1-9471-3D63BCDC37ED} = {3F52D27B-DD46-4C75-81BF-3CF8275AEE42}
		{9F02251E-5D6C-4B0F-AEAB-1B9EA6FE384C} = {C52A634E-729A-43B8-9C70-A5B69673412B}
		{DACEF8FD-581D-4E2C-91E0-38572BFBA5C7} = {5AF9E9D0-0A7A-4869-8905-43CA05F1725B}
	EndGlobalSection
	GlobalSection(ExtensibilityGlobals) = postSolution
		SolutionGuid = {14B14845-F33E-4A18-B30F-34A06D88C4A1}
	EndGlobalSection
EndGlobal
